
Microsoft Visual Studio Solution File, Format Version 12.00
# Visual Studio Version 16
VisualStudioVersion = 16.0.30011.22
MinimumVisualStudioVersion = 10.0.40219.1
Project("{9A19103F-16F7-4668-BE54-9A1E7A4F7556}") = "Synfonia.Gui", "Synfonia.Gui\Synfonia.Gui.csproj", "{750EBE3C-46BD-4379-94DF-FAAA629670AC}"
EndProject
Project("{9A19103F-16F7-4668-BE54-9A1E7A4F7556}") = "iTunesSearch.Library", "iTunesSearch\iTunesSearch.Library\iTunesSearch.Library.csproj", "{A4C0E485-A36C-473C-8987-2C298481936C}"
EndProject
Project("{2150E333-8FDC-42A3-9474-1A3956D46DE8}") = "Backend", "Backend", "{301D12D0-AF2A-4C04-AD2E-359F18D0A216}"
EndProject
Project("{9A19103F-16F7-4668-BE54-9A1E7A4F7556}") = "Synfonia.Backend", "Synfonia.Backend\Synfonia.Backend.csproj", "{E3295FEC-B18E-4D73-A4AF-CDA346223E98}"
EndProject
Project("{C7167F0D-BC9F-4E6E-AFE1-012C56B48DB5}") = "Synfonia", "Synfonia\Synfonia.wapproj", "{9736DA1C-4764-4B66-8F1E-0469483E228D}"
EndProject
Project("{FAE04EC0-301F-11D3-BF4B-00C04F79EFBC}") = "SharpAudio", "SharpAudio\SharpAudio\SharpAudio.csproj", "{026E7D13-3342-40A3-B646-7003D488F19E}"
EndProject
Project("{FAE04EC0-301F-11D3-BF4B-00C04F79EFBC}") = "SharpAudio.ALBinding", "SharpAudio\SharpAudio.ALBinding\SharpAudio.ALBinding.csproj", "{CAD88F26-08DE-43A2-BFC5-6E98EE9E1942}"
EndProject
Project("{FAE04EC0-301F-11D3-BF4B-00C04F79EFBC}") = "SharpAudio.Codec", "SharpAudio\SharpAudio.Codec\SharpAudio.Codec.csproj", "{58F060C4-787A-42D0-8945-8423E59B6DA5}"
EndProject
Global
	GlobalSection(SolutionConfigurationPlatforms) = preSolution
		Debug|Any CPU = Debug|Any CPU
		Debug|ARM = Debug|ARM
		Debug|ARM64 = Debug|ARM64
		Debug|x64 = Debug|x64
		Debug|x86 = Debug|x86
		Release|Any CPU = Release|Any CPU
		Release|ARM = Release|ARM
		Release|ARM64 = Release|ARM64
		Release|x64 = Release|x64
		Release|x86 = Release|x86
	EndGlobalSection
	GlobalSection(ProjectConfigurationPlatforms) = postSolution
		{750EBE3C-46BD-4379-94DF-FAAA629670AC}.Debug|Any CPU.ActiveCfg = Debug|Any CPU
		{750EBE3C-46BD-4379-94DF-FAAA629670AC}.Debug|Any CPU.Build.0 = Debug|Any CPU
		{750EBE3C-46BD-4379-94DF-FAAA629670AC}.Debug|ARM.ActiveCfg = Debug|Any CPU
		{750EBE3C-46BD-4379-94DF-FAAA629670AC}.Debug|ARM.Build.0 = Debug|Any CPU
		{750EBE3C-46BD-4379-94DF-FAAA629670AC}.Debug|ARM64.ActiveCfg = Debug|Any CPU
		{750EBE3C-46BD-4379-94DF-FAAA629670AC}.Debug|ARM64.Build.0 = Debug|Any CPU
		{750EBE3C-46BD-4379-94DF-FAAA629670AC}.Debug|x64.ActiveCfg = Debug|Any CPU
		{750EBE3C-46BD-4379-94DF-FAAA629670AC}.Debug|x64.Build.0 = Debug|Any CPU
		{750EBE3C-46BD-4379-94DF-FAAA629670AC}.Debug|x86.ActiveCfg = Debug|Any CPU
		{750EBE3C-46BD-4379-94DF-FAAA629670AC}.Debug|x86.Build.0 = Debug|Any CPU
		{750EBE3C-46BD-4379-94DF-FAAA629670AC}.Release|Any CPU.ActiveCfg = Release|Any CPU
		{750EBE3C-46BD-4379-94DF-FAAA629670AC}.Release|Any CPU.Build.0 = Release|Any CPU
		{750EBE3C-46BD-4379-94DF-FAAA629670AC}.Release|ARM.ActiveCfg = Release|Any CPU
		{750EBE3C-46BD-4379-94DF-FAAA629670AC}.Release|ARM.Build.0 = Release|Any CPU
		{750EBE3C-46BD-4379-94DF-FAAA629670AC}.Release|ARM64.ActiveCfg = Release|Any CPU
		{750EBE3C-46BD-4379-94DF-FAAA629670AC}.Release|ARM64.Build.0 = Release|Any CPU
		{750EBE3C-46BD-4379-94DF-FAAA629670AC}.Release|x64.ActiveCfg = Release|x64
		{750EBE3C-46BD-4379-94DF-FAAA629670AC}.Release|x64.Build.0 = Release|x64
		{750EBE3C-46BD-4379-94DF-FAAA629670AC}.Release|x86.ActiveCfg = Release|x86
		{750EBE3C-46BD-4379-94DF-FAAA629670AC}.Release|x86.Build.0 = Release|x86
		{A4C0E485-A36C-473C-8987-2C298481936C}.Debug|Any CPU.ActiveCfg = Debug|Any CPU
		{A4C0E485-A36C-473C-8987-2C298481936C}.Debug|Any CPU.Build.0 = Debug|Any CPU
		{A4C0E485-A36C-473C-8987-2C298481936C}.Debug|ARM.ActiveCfg = Debug|Any CPU
		{A4C0E485-A36C-473C-8987-2C298481936C}.Debug|ARM.Build.0 = Debug|Any CPU
		{A4C0E485-A36C-473C-8987-2C298481936C}.Debug|ARM64.ActiveCfg = Debug|Any CPU
		{A4C0E485-A36C-473C-8987-2C298481936C}.Debug|ARM64.Build.0 = Debug|Any CPU
		{A4C0E485-A36C-473C-8987-2C298481936C}.Debug|x64.ActiveCfg = Debug|Any CPU
		{A4C0E485-A36C-473C-8987-2C298481936C}.Debug|x64.Build.0 = Debug|Any CPU
		{A4C0E485-A36C-473C-8987-2C298481936C}.Debug|x86.ActiveCfg = Debug|Any CPU
		{A4C0E485-A36C-473C-8987-2C298481936C}.Debug|x86.Build.0 = Debug|Any CPU
		{A4C0E485-A36C-473C-8987-2C298481936C}.Release|Any CPU.ActiveCfg = Release|Any CPU
		{A4C0E485-A36C-473C-8987-2C298481936C}.Release|Any CPU.Build.0 = Release|Any CPU
		{A4C0E485-A36C-473C-8987-2C298481936C}.Release|ARM.ActiveCfg = Release|Any CPU
		{A4C0E485-A36C-473C-8987-2C298481936C}.Release|ARM.Build.0 = Release|Any CPU
		{A4C0E485-A36C-473C-8987-2C298481936C}.Release|ARM64.ActiveCfg = Release|Any CPU
		{A4C0E485-A36C-473C-8987-2C298481936C}.Release|ARM64.Build.0 = Release|Any CPU
		{A4C0E485-A36C-473C-8987-2C298481936C}.Release|x64.ActiveCfg = Release|Any CPU
		{A4C0E485-A36C-473C-8987-2C298481936C}.Release|x64.Build.0 = Release|Any CPU
		{A4C0E485-A36C-473C-8987-2C298481936C}.Release|x86.ActiveCfg = Release|Any CPU
		{A4C0E485-A36C-473C-8987-2C298481936C}.Release|x86.Build.0 = Release|Any CPU
		{E3295FEC-B18E-4D73-A4AF-CDA346223E98}.Debug|Any CPU.ActiveCfg = Debug|Any CPU
		{E3295FEC-B18E-4D73-A4AF-CDA346223E98}.Debug|Any CPU.Build.0 = Debug|Any CPU
		{E3295FEC-B18E-4D73-A4AF-CDA346223E98}.Debug|ARM.ActiveCfg = Debug|Any CPU
		{E3295FEC-B18E-4D73-A4AF-CDA346223E98}.Debug|ARM.Build.0 = Debug|Any CPU
		{E3295FEC-B18E-4D73-A4AF-CDA346223E98}.Debug|ARM64.ActiveCfg = Debug|Any CPU
		{E3295FEC-B18E-4D73-A4AF-CDA346223E98}.Debug|ARM64.Build.0 = Debug|Any CPU
		{E3295FEC-B18E-4D73-A4AF-CDA346223E98}.Debug|x64.ActiveCfg = Debug|Any CPU
		{E3295FEC-B18E-4D73-A4AF-CDA346223E98}.Debug|x64.Build.0 = Debug|Any CPU
		{E3295FEC-B18E-4D73-A4AF-CDA346223E98}.Debug|x86.ActiveCfg = Debug|Any CPU
		{E3295FEC-B18E-4D73-A4AF-CDA346223E98}.Debug|x86.Build.0 = Debug|Any CPU
		{E3295FEC-B18E-4D73-A4AF-CDA346223E98}.Release|Any CPU.ActiveCfg = Release|Any CPU
		{E3295FEC-B18E-4D73-A4AF-CDA346223E98}.Release|Any CPU.Build.0 = Release|Any CPU
		{E3295FEC-B18E-4D73-A4AF-CDA346223E98}.Release|ARM.ActiveCfg = Release|Any CPU
		{E3295FEC-B18E-4D73-A4AF-CDA346223E98}.Release|ARM.Build.0 = Release|Any CPU
		{E3295FEC-B18E-4D73-A4AF-CDA346223E98}.Release|ARM64.ActiveCfg = Release|Any CPU
		{E3295FEC-B18E-4D73-A4AF-CDA346223E98}.Release|ARM64.Build.0 = Release|Any CPU
		{E3295FEC-B18E-4D73-A4AF-CDA346223E98}.Release|x64.ActiveCfg = Release|Any CPU
		{E3295FEC-B18E-4D73-A4AF-CDA346223E98}.Release|x64.Build.0 = Release|Any CPU
		{E3295FEC-B18E-4D73-A4AF-CDA346223E98}.Release|x86.ActiveCfg = Release|Any CPU
		{E3295FEC-B18E-4D73-A4AF-CDA346223E98}.Release|x86.Build.0 = Release|Any CPU
		{9736DA1C-4764-4B66-8F1E-0469483E228D}.Debug|Any CPU.ActiveCfg = Debug|Any CPU
		{9736DA1C-4764-4B66-8F1E-0469483E228D}.Debug|Any CPU.Build.0 = Debug|Any CPU
		{9736DA1C-4764-4B66-8F1E-0469483E228D}.Debug|Any CPU.Deploy.0 = Debug|Any CPU
		{9736DA1C-4764-4B66-8F1E-0469483E228D}.Debug|ARM.ActiveCfg = Debug|ARM
		{9736DA1C-4764-4B66-8F1E-0469483E228D}.Debug|ARM.Build.0 = Debug|ARM
		{9736DA1C-4764-4B66-8F1E-0469483E228D}.Debug|ARM.Deploy.0 = Debug|ARM
		{9736DA1C-4764-4B66-8F1E-0469483E228D}.Debug|ARM64.ActiveCfg = Debug|ARM64
		{9736DA1C-4764-4B66-8F1E-0469483E228D}.Debug|ARM64.Build.0 = Debug|ARM64
		{9736DA1C-4764-4B66-8F1E-0469483E228D}.Debug|ARM64.Deploy.0 = Debug|ARM64
		{9736DA1C-4764-4B66-8F1E-0469483E228D}.Debug|x64.ActiveCfg = Debug|x64
		{9736DA1C-4764-4B66-8F1E-0469483E228D}.Debug|x64.Build.0 = Debug|x64
		{9736DA1C-4764-4B66-8F1E-0469483E228D}.Debug|x64.Deploy.0 = Debug|x64
		{9736DA1C-4764-4B66-8F1E-0469483E228D}.Debug|x86.ActiveCfg = Debug|x86
		{9736DA1C-4764-4B66-8F1E-0469483E228D}.Debug|x86.Build.0 = Debug|x86
		{9736DA1C-4764-4B66-8F1E-0469483E228D}.Debug|x86.Deploy.0 = Debug|x86
		{9736DA1C-4764-4B66-8F1E-0469483E228D}.Release|Any CPU.ActiveCfg = Release|Any CPU
		{9736DA1C-4764-4B66-8F1E-0469483E228D}.Release|Any CPU.Build.0 = Release|Any CPU
		{9736DA1C-4764-4B66-8F1E-0469483E228D}.Release|Any CPU.Deploy.0 = Release|Any CPU
		{9736DA1C-4764-4B66-8F1E-0469483E228D}.Release|ARM.ActiveCfg = Release|ARM
		{9736DA1C-4764-4B66-8F1E-0469483E228D}.Release|ARM.Build.0 = Release|ARM
		{9736DA1C-4764-4B66-8F1E-0469483E228D}.Release|ARM.Deploy.0 = Release|ARM
		{9736DA1C-4764-4B66-8F1E-0469483E228D}.Release|ARM64.ActiveCfg = Release|ARM64
		{9736DA1C-4764-4B66-8F1E-0469483E228D}.Release|ARM64.Build.0 = Release|ARM64
		{9736DA1C-4764-4B66-8F1E-0469483E228D}.Release|ARM64.Deploy.0 = Release|ARM64
		{9736DA1C-4764-4B66-8F1E-0469483E228D}.Release|x64.ActiveCfg = Release|x64
		{9736DA1C-4764-4B66-8F1E-0469483E228D}.Release|x64.Build.0 = Release|x64
		{9736DA1C-4764-4B66-8F1E-0469483E228D}.Release|x64.Deploy.0 = Release|x64
		{9736DA1C-4764-4B66-8F1E-0469483E228D}.Release|x86.ActiveCfg = Release|x86
		{9736DA1C-4764-4B66-8F1E-0469483E228D}.Release|x86.Build.0 = Release|x86
		{9736DA1C-4764-4B66-8F1E-0469483E228D}.Release|x86.Deploy.0 = Release|x86
		{026E7D13-3342-40A3-B646-7003D488F19E}.Debug|Any CPU.ActiveCfg = Debug|Any CPU
		{026E7D13-3342-40A3-B646-7003D488F19E}.Debug|Any CPU.Build.0 = Debug|Any CPU
		{026E7D13-3342-40A3-B646-7003D488F19E}.Debug|ARM.ActiveCfg = Debug|Any CPU
		{026E7D13-3342-40A3-B646-7003D488F19E}.Debug|ARM.Build.0 = Debug|Any CPU
		{026E7D13-3342-40A3-B646-7003D488F19E}.Debug|ARM64.ActiveCfg = Debug|Any CPU
		{026E7D13-3342-40A3-B646-7003D488F19E}.Debug|ARM64.Build.0 = Debug|Any CPU
		{026E7D13-3342-40A3-B646-7003D488F19E}.Debug|x64.ActiveCfg = Debug|Any CPU
		{026E7D13-3342-40A3-B646-7003D488F19E}.Debug|x64.Build.0 = Debug|Any CPU
		{026E7D13-3342-40A3-B646-7003D488F19E}.Debug|x86.ActiveCfg = Debug|Any CPU
		{026E7D13-3342-40A3-B646-7003D488F19E}.Debug|x86.Build.0 = Debug|Any CPU
		{026E7D13-3342-40A3-B646-7003D488F19E}.Release|Any CPU.ActiveCfg = Release|Any CPU
		{026E7D13-3342-40A3-B646-7003D488F19E}.Release|Any CPU.Build.0 = Release|Any CPU
		{026E7D13-3342-40A3-B646-7003D488F19E}.Release|ARM.ActiveCfg = Release|Any CPU
		{026E7D13-3342-40A3-B646-7003D488F19E}.Release|ARM.Build.0 = Release|Any CPU
		{026E7D13-3342-40A3-B646-7003D488F19E}.Release|ARM64.ActiveCfg = Release|Any CPU
		{026E7D13-3342-40A3-B646-7003D488F19E}.Release|ARM64.Build.0 = Release|Any CPU
		{026E7D13-3342-40A3-B646-7003D488F19E}.Release|x64.ActiveCfg = Release|Any CPU
		{026E7D13-3342-40A3-B646-7003D488F19E}.Release|x64.Build.0 = Release|Any CPU
		{026E7D13-3342-40A3-B646-7003D488F19E}.Release|x86.ActiveCfg = Release|Any CPU
		{026E7D13-3342-40A3-B646-7003D488F19E}.Release|x86.Build.0 = Release|Any CPU
		{CAD88F26-08DE-43A2-BFC5-6E98EE9E1942}.Debug|Any CPU.ActiveCfg = Debug|Any CPU
		{CAD88F26-08DE-43A2-BFC5-6E98EE9E1942}.Debug|Any CPU.Build.0 = Debug|Any CPU
		{CAD88F26-08DE-43A2-BFC5-6E98EE9E1942}.Debug|ARM.ActiveCfg = Debug|Any CPU
		{CAD88F26-08DE-43A2-BFC5-6E98EE9E1942}.Debug|ARM.Build.0 = Debug|Any CPU
		{CAD88F26-08DE-43A2-BFC5-6E98EE9E1942}.Debug|ARM64.ActiveCfg = Debug|Any CPU
		{CAD88F26-08DE-43A2-BFC5-6E98EE9E1942}.Debug|ARM64.Build.0 = Debug|Any CPU
		{CAD88F26-08DE-43A2-BFC5-6E98EE9E1942}.Debug|x64.ActiveCfg = Debug|Any CPU
		{CAD88F26-08DE-43A2-BFC5-6E98EE9E1942}.Debug|x64.Build.0 = Debug|Any CPU
		{CAD88F26-08DE-43A2-BFC5-6E98EE9E1942}.Debug|x86.ActiveCfg = Debug|Any CPU
		{CAD88F26-08DE-43A2-BFC5-6E98EE9E1942}.Debug|x86.Build.0 = Debug|Any CPU
		{CAD88F26-08DE-43A2-BFC5-6E98EE9E1942}.Release|Any CPU.ActiveCfg = Release|Any CPU
		{CAD88F26-08DE-43A2-BFC5-6E98EE9E1942}.Release|Any CPU.Build.0 = Release|Any CPU
		{CAD88F26-08DE-43A2-BFC5-6E98EE9E1942}.Release|ARM.ActiveCfg = Release|Any CPU
		{CAD88F26-08DE-43A2-BFC5-6E98EE9E1942}.Release|ARM.Build.0 = Release|Any CPU
		{CAD88F26-08DE-43A2-BFC5-6E98EE9E1942}.Release|ARM64.ActiveCfg = Release|Any CPU
		{CAD88F26-08DE-43A2-BFC5-6E98EE9E1942}.Release|ARM64.Build.0 = Release|Any CPU
		{CAD88F26-08DE-43A2-BFC5-6E98EE9E1942}.Release|x64.ActiveCfg = Release|Any CPU
		{CAD88F26-08DE-43A2-BFC5-6E98EE9E1942}.Release|x64.Build.0 = Release|Any CPU
		{CAD88F26-08DE-43A2-BFC5-6E98EE9E1942}.Release|x86.ActiveCfg = Release|Any CPU
		{CAD88F26-08DE-43A2-BFC5-6E98EE9E1942}.Release|x86.Build.0 = Release|Any CPU
		{58F060C4-787A-42D0-8945-8423E59B6DA5}.Debug|Any CPU.ActiveCfg = Debug|Any CPU
		{58F060C4-787A-42D0-8945-8423E59B6DA5}.Debug|Any CPU.Build.0 = Debug|Any CPU
		{58F060C4-787A-42D0-8945-8423E59B6DA5}.Debug|ARM.ActiveCfg = Debug|Any CPU
		{58F060C4-787A-42D0-8945-8423E59B6DA5}.Debug|ARM.Build.0 = Debug|Any CPU
		{58F060C4-787A-42D0-8945-8423E59B6DA5}.Debug|ARM64.ActiveCfg = Debug|Any CPU
		{58F060C4-787A-42D0-8945-8423E59B6DA5}.Debug|ARM64.Build.0 = Debug|Any CPU
		{58F060C4-787A-42D0-8945-8423E59B6DA5}.Debug|x64.ActiveCfg = Debug|Any CPU
		{58F060C4-787A-42D0-8945-8423E59B6DA5}.Debug|x64.Build.0 = Debug|Any CPU
		{58F060C4-787A-42D0-8945-8423E59B6DA5}.Debug|x86.ActiveCfg = Debug|Any CPU
		{58F060C4-787A-42D0-8945-8423E59B6DA5}.Debug|x86.Build.0 = Debug|Any CPU
		{58F060C4-787A-42D0-8945-8423E59B6DA5}.Release|Any CPU.ActiveCfg = Release|Any CPU
		{58F060C4-787A-42D0-8945-8423E59B6DA5}.Release|Any CPU.Build.0 = Release|Any CPU
		{58F060C4-787A-42D0-8945-8423E59B6DA5}.Release|ARM.ActiveCfg = Release|Any CPU
		{58F060C4-787A-42D0-8945-8423E59B6DA5}.Release|ARM.Build.0 = Release|Any CPU
		{58F060C4-787A-42D0-8945-8423E59B6DA5}.Release|ARM64.ActiveCfg = Release|Any CPU
		{58F060C4-787A-42D0-8945-8423E59B6DA5}.Release|ARM64.Build.0 = Release|Any CPU
		{58F060C4-787A-42D0-8945-8423E59B6DA5}.Release|x64.ActiveCfg = Release|Any CPU
		{58F060C4-787A-42D0-8945-8423E59B6DA5}.Release|x64.Build.0 = Release|Any CPU
		{58F060C4-787A-42D0-8945-8423E59B6DA5}.Release|x86.ActiveCfg = Release|Any CPU
		{58F060C4-787A-42D0-8945-8423E59B6DA5}.Release|x86.Build.0 = Release|Any CPU
	EndGlobalSection
	GlobalSection(SolutionProperties) = preSolution
		HideSolutionNode = FALSE
	EndGlobalSection
	GlobalSection(NestedProjects) = preSolution
		{A4C0E485-A36C-473C-8987-2C298481936C} = {301D12D0-AF2A-4C04-AD2E-359F18D0A216}
		{E3295FEC-B18E-4D73-A4AF-CDA346223E98} = {301D12D0-AF2A-4C04-AD2E-359F18D0A216}
		{026E7D13-3342-40A3-B646-7003D488F19E} = {301D12D0-AF2A-4C04-AD2E-359F18D0A216}
		{CAD88F26-08DE-43A2-BFC5-6E98EE9E1942} = {301D12D0-AF2A-4C04-AD2E-359F18D0A216}
		{58F060C4-787A-42D0-8945-8423E59B6DA5} = {301D12D0-AF2A-4C04-AD2E-359F18D0A216}
	EndGlobalSection
	GlobalSection(ExtensibilityGlobals) = postSolution
		SolutionGuid = {B8670571-4F0C-42BB-9094-57769E6F3818}
	EndGlobalSection
EndGlobal
